{
  "name": "letta-main",
  "lockfileVersion": 3,
  "requires": true,
  "packages": {
    "": {
      "dependencies": {
        "@letta-ai/letta-client": "^1.7.7"
      }
    },
    "node_modules/@letta-ai/letta-client": {
      "version": "1.7.7",
      "resolved": "https://registry.npmjs.org/@letta-ai/letta-client/-/letta-client-1.7.7.tgz",
      "integrity": "sha512-jPq/hpctvN7DGnOg+1yRWAMdPhWeVxh89qOhQMzhO55q6/ai/yXHJ0hoXiPbQOZWHb2kO+WwjsLROVkb5Hj8ow==",
      "license": "Apache-2.0"
    }
  }
}
